
Microsoft Visual Studio Solution File, Format Version 12.00
# Visual Studio Version 16
VisualStudioVersion = 16.0.30907.101
MinimumVisualStudioVersion = 10.0.40219.1
Project("{FAE04EC0-301F-11D3-BF4B-00C04F79EFBC}") = "ModMenu", "ModMenu\ModMenu.csproj", "{747088C9-A86C-4E47-B2BF-E8E8003857FE}"
EndProject
Global
	GlobalSection(SolutionConfigurationPlatforms) = preSolution
		Debug|Any CPU = Debug|Any CPU
		Debug|x64 = Debug|x64
		Release|Any CPU = Release|Any CPU
		Release|x64 = Release|x64
	EndGlobalSection
	GlobalSection(ProjectConfigurationPlatforms) = postSolution
		{747088C9-A86C-4E47-B2BF-E8E8003857FE}.Debug|Any CPU.ActiveCfg = Debug|Any CPU
		{747088C9-A86C-4E47-B2BF-E8E8003857FE}.Debug|Any CPU.Build.0 = Debug|Any CPU
		{747088C9-A86C-4E47-B2BF-E8E8003857FE}.Debug|x64.ActiveCfg = Debug|x64
		{747088C9-A86C-4E47-B2BF-E8E8003857FE}.Debug|x64.Build.0 = Debug|x64
		{747088C9-A86C-4E47-B2BF-E8E8003857FE}.Release|Any CPU.ActiveCfg = Release|Any CPU
		{747088C9-A86C-4E47-B2BF-E8E8003857FE}.Release|Any CPU.Build.0 = Release|Any CPU
		{747088C9-A86C-4E47-B2BF-E8E8003857FE}.Release|x64.ActiveCfg = Release|x64
		{747088C9-A86C-4E47-B2BF-E8E8003857FE}.Release|x64.Build.0 = Release|x64
	EndGlobalSection
	GlobalSection(SolutionProperties) = preSolution
		HideSolutionNode = FALSE
	EndGlobalSection
	GlobalSection(ExtensibilityGlobals) = postSolution
		SolutionGuid = {97F86683-9DC2-4CFC-8861-F94D3996AA3A}
	EndGlobalSection
EndGlobal
